
Microsoft Visual Studio Solution File, Format Version 12.00
# Visual Studio Version 16
VisualStudioVersion = 16.0.30413.136
MinimumVisualStudioVersion = 10.0.40219.1
Project("{2150E333-8FDC-42A3-9474-1A3956D46DE8}") = "src", "src", "{6AFA997F-39F4-4103-9851-65505D7F08D3}"
EndProject
Project("{2150E333-8FDC-42A3-9474-1A3956D46DE8}") = "test", "test", "{D76F4C47-09C8-443F-AB9F-D24CEB6EE3C1}"
EndProject
Project("{2150E333-8FDC-42A3-9474-1A3956D46DE8}") = "Api.Application", "Api.Application", "{2934A724-0892-4FF6-B960-B4C3135A1336}"
EndProject
Project("{2150E333-8FDC-42A3-9474-1A3956D46DE8}") = "Api.CrossCutting", "Api.CrossCutting", "{C5D967C1-58E3-469D-BBEC-90F7A73A849B}"
EndProject
Project("{2150E333-8FDC-42A3-9474-1A3956D46DE8}") = "Api.Domain", "Api.Domain", "{C64C4D00-1C43-4D6E-B21B-8BC75894C624}"
EndProject
Project("{2150E333-8FDC-42A3-9474-1A3956D46DE8}") = "Api.Infra", "Api.Infra", "{C807D774-BBC5-4C66-BF7C-034CA4487FCE}"
EndProject
Project("{2150E333-8FDC-42A3-9474-1A3956D46DE8}") = "Api.Service", "Api.Service", "{985F54D8-9A23-4E4E-9FCE-ACD7D80B7AEE}"
EndProject
Project("{9A19103F-16F7-4668-BE54-9A1E7A4F7556}") = "Domain", "Domain\Domain.csproj", "{2FB3234C-CEC2-4C7B-9B55-9BD51FD44ED6}"
EndProject
Project("{9A19103F-16F7-4668-BE54-9A1E7A4F7556}") = "Infra", "Infra\Infra.csproj", "{F80E9E3F-5A94-4E3D-A773-1E43BFFF68C2}"
EndProject
Project("{9A19103F-16F7-4668-BE54-9A1E7A4F7556}") = "Service", "Service\Service.csproj", "{28DAE1D7-D51E-4273-9F97-A22BAAFE6CED}"
EndProject
Project("{9A19103F-16F7-4668-BE54-9A1E7A4F7556}") = "CrossCutting", "CrossCutting\CrossCutting.csproj", "{F51CD080-FDF7-419E-A375-DE6D8F6D4C0E}"
EndProject
Project("{9A19103F-16F7-4668-BE54-9A1E7A4F7556}") = "Application", "Application\Application.csproj", "{AEEE38C4-F225-4782-B337-5831ADA47BF4}"
EndProject
Project("{2150E333-8FDC-42A3-9474-1A3956D46DE8}") = "Infra", "Infra", "{68F06925-BDE3-4025-A9DF-388C676C4BAA}"
EndProject
Project("{2150E333-8FDC-42A3-9474-1A3956D46DE8}") = "Product", "Product", "{2C19FAE8-EC08-4486-94A8-E4BD7B023945}"
EndProject
Project("{9A19103F-16F7-4668-BE54-9A1E7A4F7556}") = "RepositoryTest", "RepositoryTest\RepositoryTest.csproj", "{23FE0B43-E603-485C-AC6C-B0B6CE13E387}"
EndProject
Project("{2150E333-8FDC-42A3-9474-1A3956D46DE8}") = "Service", "Service", "{3A5189C3-4D49-4C2F-9FF3-206E201BED06}"
EndProject
Project("{2150E333-8FDC-42A3-9474-1A3956D46DE8}") = "Product", "Product", "{6DFA95C1-AF31-4442-A460-3691A870DB1C}"
EndProject
Project("{9A19103F-16F7-4668-BE54-9A1E7A4F7556}") = "ServiceTest", "ServiceTest\ServiceTest.csproj", "{0DA7E5B7-6B83-48A7-8DED-247A9182EF5F}"
EndProject
Global
	GlobalSection(SolutionConfigurationPlatforms) = preSolution
		Debug|Any CPU = Debug|Any CPU
		Release|Any CPU = Release|Any CPU
	EndGlobalSection
	GlobalSection(ProjectConfigurationPlatforms) = postSolution
		{2FB3234C-CEC2-4C7B-9B55-9BD51FD44ED6}.Debug|Any CPU.ActiveCfg = Debug|Any CPU
		{2FB3234C-CEC2-4C7B-9B55-9BD51FD44ED6}.Debug|Any CPU.Build.0 = Debug|Any CPU
		{2FB3234C-CEC2-4C7B-9B55-9BD51FD44ED6}.Release|Any CPU.ActiveCfg = Release|Any CPU
		{2FB3234C-CEC2-4C7B-9B55-9BD51FD44ED6}.Release|Any CPU.Build.0 = Release|Any CPU
		{F80E9E3F-5A94-4E3D-A773-1E43BFFF68C2}.Debug|Any CPU.ActiveCfg = Debug|Any CPU
		{F80E9E3F-5A94-4E3D-A773-1E43BFFF68C2}.Debug|Any CPU.Build.0 = Debug|Any CPU
		{F80E9E3F-5A94-4E3D-A773-1E43BFFF68C2}.Release|Any CPU.ActiveCfg = Release|Any CPU
		{F80E9E3F-5A94-4E3D-A773-1E43BFFF68C2}.Release|Any CPU.Build.0 = Release|Any CPU
		{28DAE1D7-D51E-4273-9F97-A22BAAFE6CED}.Debug|Any CPU.ActiveCfg = Debug|Any CPU
		{28DAE1D7-D51E-4273-9F97-A22BAAFE6CED}.Debug|Any CPU.Build.0 = Debug|Any CPU
		{28DAE1D7-D51E-4273-9F97-A22BAAFE6CED}.Release|Any CPU.ActiveCfg = Release|Any CPU
		{28DAE1D7-D51E-4273-9F97-A22BAAFE6CED}.Release|Any CPU.Build.0 = Release|Any CPU
		{F51CD080-FDF7-419E-A375-DE6D8F6D4C0E}.Debug|Any CPU.ActiveCfg = Debug|Any CPU
		{F51CD080-FDF7-419E-A375-DE6D8F6D4C0E}.Debug|Any CPU.Build.0 = Debug|Any CPU
		{F51CD080-FDF7-419E-A375-DE6D8F6D4C0E}.Release|Any CPU.ActiveCfg = Release|Any CPU
		{F51CD080-FDF7-419E-A375-DE6D8F6D4C0E}.Release|Any CPU.Build.0 = Release|Any CPU
		{AEEE38C4-F225-4782-B337-5831ADA47BF4}.Debug|Any CPU.ActiveCfg = Debug|Any CPU
		{AEEE38C4-F225-4782-B337-5831ADA47BF4}.Debug|Any CPU.Build.0 = Debug|Any CPU
		{AEEE38C4-F225-4782-B337-5831ADA47BF4}.Release|Any CPU.ActiveCfg = Release|Any CPU
		{AEEE38C4-F225-4782-B337-5831ADA47BF4}.Release|Any CPU.Build.0 = Release|Any CPU
		{23FE0B43-E603-485C-AC6C-B0B6CE13E387}.Debug|Any CPU.ActiveCfg = Debug|Any CPU
		{23FE0B43-E603-485C-AC6C-B0B6CE13E387}.Debug|Any CPU.Build.0 = Debug|Any CPU
		{23FE0B43-E603-485C-AC6C-B0B6CE13E387}.Release|Any CPU.ActiveCfg = Release|Any CPU
		{23FE0B43-E603-485C-AC6C-B0B6CE13E387}.Release|Any CPU.Build.0 = Release|Any CPU
		{0DA7E5B7-6B83-48A7-8DED-247A9182EF5F}.Debug|Any CPU.ActiveCfg = Debug|Any CPU
		{0DA7E5B7-6B83-48A7-8DED-247A9182EF5F}.Debug|Any CPU.Build.0 = Debug|Any CPU
		{0DA7E5B7-6B83-48A7-8DED-247A9182EF5F}.Release|Any CPU.ActiveCfg = Release|Any CPU
		{0DA7E5B7-6B83-48A7-8DED-247A9182EF5F}.Release|Any CPU.Build.0 = Release|Any CPU
	EndGlobalSection
	GlobalSection(SolutionProperties) = preSolution
		HideSolutionNode = FALSE
	EndGlobalSection
	GlobalSection(NestedProjects) = preSolution
		{2934A724-0892-4FF6-B960-B4C3135A1336} = {6AFA997F-39F4-4103-9851-65505D7F08D3}
		{C5D967C1-58E3-469D-BBEC-90F7A73A849B} = {6AFA997F-39F4-4103-9851-65505D7F08D3}
		{C64C4D00-1C43-4D6E-B21B-8BC75894C624} = {6AFA997F-39F4-4103-9851-65505D7F08D3}
		{C807D774-BBC5-4C66-BF7C-034CA4487FCE} = {6AFA997F-39F4-4103-9851-65505D7F08D3}
		{985F54D8-9A23-4E4E-9FCE-ACD7D80B7AEE} = {6AFA997F-39F4-4103-9851-65505D7F08D3}
		{2FB3234C-CEC2-4C7B-9B55-9BD51FD44ED6} = {C64C4D00-1C43-4D6E-B21B-8BC75894C624}
		{F80E9E3F-5A94-4E3D-A773-1E43BFFF68C2} = {C807D774-BBC5-4C66-BF7C-034CA4487FCE}
		{28DAE1D7-D51E-4273-9F97-A22BAAFE6CED} = {985F54D8-9A23-4E4E-9FCE-ACD7D80B7AEE}
		{F51CD080-FDF7-419E-A375-DE6D8F6D4C0E} = {C5D967C1-58E3-469D-BBEC-90F7A73A849B}
		{AEEE38C4-F225-4782-B337-5831ADA47BF4} = {2934A724-0892-4FF6-B960-B4C3135A1336}
		{68F06925-BDE3-4025-A9DF-388C676C4BAA} = {D76F4C47-09C8-443F-AB9F-D24CEB6EE3C1}
		{2C19FAE8-EC08-4486-94A8-E4BD7B023945} = {68F06925-BDE3-4025-A9DF-388C676C4BAA}
		{23FE0B43-E603-485C-AC6C-B0B6CE13E387} = {2C19FAE8-EC08-4486-94A8-E4BD7B023945}
		{3A5189C3-4D49-4C2F-9FF3-206E201BED06} = {D76F4C47-09C8-443F-AB9F-D24CEB6EE3C1}
		{6DFA95C1-AF31-4442-A460-3691A870DB1C} = {3A5189C3-4D49-4C2F-9FF3-206E201BED06}
		{0DA7E5B7-6B83-48A7-8DED-247A9182EF5F} = {6DFA95C1-AF31-4442-A460-3691A870DB1C}
	EndGlobalSection
	GlobalSection(ExtensibilityGlobals) = postSolution
		SolutionGuid = {A069A284-5B24-459D-B1CF-6D7402C64CDD}
	EndGlobalSection
EndGlobal
